// !$*UTF8*$!
{
	archiveVersion = 1;
	classes = {
	};
	objectVersion = 56;
	objects = {

/* Begin PBXBuildFile section */
		ECB64DCD291FCD4600EF3E67 /* AppDelegate.swift in Sources */ = {isa = PBXBuildFile; fileRef = ECB64DCC291FCD4600EF3E67 /* AppDelegate.swift */; };
		ECB64DCF291FCD4600EF3E67 /* SceneDelegate.swift in Sources */ = {isa = PBXBuildFile; fileRef = ECB64DCE291FCD4600EF3E67 /* SceneDelegate.swift */; };
		ECB64DD1291FCD4600EF3E67 /* FirstViewController.swift in Sources */ = {isa = PBXBuildFile; fileRef = ECB64DD0291FCD4600EF3E67 /* FirstViewController.swift */; };
		ECB64DD4291FCD4600EF3E67 /* Main.storyboard in Resources */ = {isa = PBXBuildFile; fileRef = ECB64DD2291FCD4600EF3E67 /* Main.storyboard */; };
		ECB64DD6291FCD4700EF3E67 /* Assets.xcassets in Resources */ = {isa = PBXBuildFile; fileRef = ECB64DD5291FCD4700EF3E67 /* Assets.xcassets */; };
		ECB64DD9291FCD4700EF3E67 /* LaunchScreen.storyboard in Resources */ = {isa = PBXBuildFile; fileRef = ECB64DD7291FCD4700EF3E67 /* LaunchScreen.storyboard */; };
		ECB64DE1291FD07400EF3E67 /* SecondViewController.swift in Sources */ = {isa = PBXBuildFile; fileRef = ECB64DE0291FD07400EF3E67 /* SecondViewController.swift */; };
		ECB64DE3291FD4BA00EF3E67 /* UpdatingDataController.swift in Sources */ = {isa = PBXBuildFile; fileRef = ECB64DE2291FD4BA00EF3E67 /* UpdatingDataController.swift */; };
/* End PBXBuildFile section */

/* Begin PBXFileReference section */
		ECB64DC9291FCD4600EF3E67 /* HomeWork_11_navigation.app */ = {isa = PBXFileReference; explicitFileType = wrapper.application; includeInIndex = 0; path = HomeWork_11_navigation.app; sourceTree = BUILT_PRODUCTS_DIR; };
		ECB64DCC291FCD4600EF3E67 /* AppDelegate.swift */ = {isa = PBXFileReference; lastKnownFileType = sourcecode.swift; path = AppDelegate.swift; sourceTree = "<group>"; };
		ECB64DCE291FCD4600EF3E67 /* SceneDelegate.swift */ = {isa = PBXFileReference; lastKnownFileType = sourcecode.swift; path = SceneDelegate.swift; sourceTree = "<group>"; };
		ECB64DD0291FCD4600EF3E67 /* FirstViewController.swift */ = {isa = PBXFileReference; lastKnownFileType = sourcecode.swift; path = FirstViewController.swift; sourceTree = "<group>"; };
		ECB64DD3291FCD4600EF3E67 /* Base */ = {isa = PBXFileReference; lastKnownFileType = file.storyboard; name = Base; path = Base.lproj/Main.storyboard; sourceTree = "<group>"; };
		ECB64DD5291FCD4700EF3E67 /* Assets.xcassets */ = {isa = PBXFileReference; lastKnownFileType = folder.assetcatalog; path = Assets.xcassets; sourceTree = "<group>"; };
		ECB64DD8291FCD4700EF3E67 /* Base */ = {isa = PBXFileReference; lastKnownFileType = file.storyboard; name = Base; path = Base.lproj/LaunchScreen.storyboard; sourceTree = "<group>"; };
		ECB64DDA291FCD4700EF3E67 /* Info.plist */ = {isa = PBXFileReference; lastKnownFileType = text.plist.xml; path = Info.plist; sourceTree = "<group>"; };
		ECB64DE0291FD07400EF3E67 /* SecondViewController.swift */ = {isa = PBXFileReference; lastKnownFileType = sourcecode.swift; path = SecondViewController.swift; sourceTree = "<group>"; };
		ECB64DE2291FD4BA00EF3E67 /* UpdatingDataController.swift */ = {isa = PBXFileReference; lastKnownFileType = sourcecode.swift; path = UpdatingDataController.swift; sourceTree = "<group>"; };
/* End PBXFileReference section */

/* Begin PBXFrameworksBuildPhase section */
		ECB64DC6291FCD4600EF3E67 /* Frameworks */ = {
			isa = PBXFrameworksBuildPhase;
			buildActionMask = 2147483647;
			files = (
			);
			runOnlyForDeploymentPostprocessing = 0;
		};
/* End PBXFrameworksBuildPhase section */

/* Begin PBXGroup section */
		ECB64DC0291FCD4600EF3E67 = {
			isa = PBXGroup;
			children = (
				ECB64DCB291FCD4600EF3E67 /* HomeWork_11_navigation */,
				ECB64DCA291FCD4600EF3E67 /* Products */,
			);
			sourceTree = "<group>";
		};
		ECB64DCA291FCD4600EF3E67 /* Products */ = {
			isa = PBXGroup;
			children = (
				ECB64DC9291FCD4600EF3E67 /* HomeWork_11_navigation.app */,
			);
			name = Products;
			sourceTree = "<group>";
		};
		ECB64DCB291FCD4600EF3E67 /* HomeWork_11_navigation */ = {
			isa = PBXGroup;
			children = (
				ECB64DCC291FCD4600EF3E67 /* AppDelegate.swift */,
				ECB64DCE291FCD4600EF3E67 /* SceneDelegate.swift */,
				ECB64DD0291FCD4600EF3E67 /* FirstViewController.swift */,
				ECB64DE0291FD07400EF3E67 /* SecondViewController.swift */,
				ECB64DE2291FD4BA00EF3E67 /* UpdatingDataController.swift */,
				ECB64DD2291FCD4600EF3E67 /* Main.storyboard */,
				ECB64DD5291FCD4700EF3E67 /* Assets.xcassets */,
				ECB64DD7291FCD4700EF3E67 /* LaunchScreen.storyboard */,
				ECB64DDA291FCD4700EF3E67 /* Info.plist */,
			);
			path = HomeWork_11_navigation;
			sourceTree = "<group>";
		};
/* End PBXGroup section */

/* Begin PBXNativeTarget section */
		ECB64DC8291FCD4600EF3E67 /* HomeWork_11_navigation */ = {
			isa = PBXNativeTarget;
			buildConfigurationList = ECB64DDD291FCD4700EF3E67 /* Build configuration list for PBXNativeTarget "HomeWork_11_navigation" */;
			buildPhases = (
				ECB64DC5291FCD4600EF3E67 /* Sources */,
				ECB64DC6291FCD4600EF3E67 /* Frameworks */,
				ECB64DC7291FCD4600EF3E67 /* Resources */,
			);
			buildRules = (
			);
			dependencies = (
			);
			name = HomeWork_11_navigation;
			productName = HomeWork_11_navigation;
			productReference = ECB64DC9291FCD4600EF3E67 /* HomeWork_11_navigation.app */;
			productType = "com.apple.product-type.application";
		};
/* End PBXNativeTarget section */

/* Begin PBXProject section */
		ECB64DC1291FCD4600EF3E67 /* Project object */ = {
			isa = PBXProject;
			attributes = {
				BuildIndependentTargetsInParallel = 1;
				LastSwiftUpdateCheck = 1400;
				LastUpgradeCheck = 1400;
				TargetAttributes = {
					ECB64DC8291FCD4600EF3E67 = {
						CreatedOnToolsVersion = 14.0;
					};
				};
			};
			buildConfigurationList = ECB64DC4291FCD4600EF3E67 /* Build configuration list for PBXProject "HomeWork_11_navigation" */;
			compatibilityVersion = "Xcode 14.0";
			developmentRegion = en;
			hasScannedForEncodings = 0;
			knownRegions = (
				en,
				Base,
			);
			mainGroup = ECB64DC0291FCD4600EF3E67;
			productRefGroup = ECB64DCA291FCD4600EF3E67 /* Products */;
			projectDirPath = "";
			projectRoot = "";
			targets = (
				ECB64DC8291FCD4600EF3E67 /* HomeWork_11_navigation */,
			);
		};
/* End PBXProject section */

/* Begin PBXResourcesBuildPhase section */
		ECB64DC7291FCD4600EF3E67 /* Resources */ = {
			isa = PBXResourcesBuildPhase;
			buildActionMask = 2147483647;
			files = (
				ECB64DD9291FCD4700EF3E67 /* LaunchScreen.storyboard in Resources */,
				ECB64DD6291FCD4700EF3E67 /* Assets.xcassets in Resources */,
				ECB64DD4291FCD4600EF3E67 /* Main.storyboard in Resources */,
			);
			runOnlyForDeploymentPostprocessing = 0;
		};
/* End PBXResourcesBuildPhase section */

/* Begin PBXSourcesBuildPhase section */
		ECB64DC5291FCD4600EF3E67 /* Sources */ = {
			isa = PBXSourcesBuildPhase;
			buildActionMask = 2147483647;
			files = (
				ECB64DE3291FD4BA00EF3E67 /* UpdatingDataController.swift in Sources */,
				ECB64DE1291FD07400EF3E67 /* SecondViewController.swift in Sources */,
				ECB64DD1291FCD4600EF3E67 /* FirstViewController.swift in Sources */,
				ECB64DCD291FCD4600EF3E67 /* AppDelegate.swift in Sources */,
				ECB64DCF291FCD4600EF3E67 /* SceneDelegate.swift in Sources */,
			);
			runOnlyForDeploymentPostprocessing = 0;
		};
/* End PBXSourcesBuildPhase section */

/* Begin PBXVariantGroup section */
		ECB64DD2291FCD4600EF3E67 /* Main.storyboard */ = {
			isa = PBXVariantGroup;
			children = (
				ECB64DD3291FCD4600EF3E67 /* Base */,
			);
			name = Main.storyboard;
			sourceTree = "<group>";
		};
		ECB64DD7291FCD4700EF3E67 /* LaunchScreen.storyboard */ = {
			isa = PBXVariantGroup;
			children = (
				ECB64DD8291FCD4700EF3E67 /* Base */,
			);
			name = LaunchScreen.storyboard;
			sourceTree = "<group>";
		};
/* End PBXVariantGroup section */

/* Begin XCBuildConfiguration section */
		ECB64DDB291FCD4700EF3E67 /* Debug */ = {
			isa = XCBuildConfiguration;
			buildSettings = {
				ALWAYS_SEARCH_USER_PATHS = NO;
				CLANG_ANALYZER_NONNULL = YES;
				CLANG_ANALYZER_NUMBER_OBJECT_CONVERSION = YES_AGGRESSIVE;
				CLANG_CXX_LANGUAGE_STANDARD = "gnu++20";
				CLANG_ENABLE_MODULES = YES;
				CLANG_ENABLE_OBJC_ARC = YES;
				CLANG_ENABLE_OBJC_WEAK = YES;
				CLANG_WARN_BLOCK_CAPTURE_AUTORELEASING = YES;
				CLANG_WARN_BOOL_CONVERSION = YES;
				CLANG_WARN_COMMA = YES;
				CLANG_WARN_CONSTANT_CONVERSION = YES;
				CLANG_WARN_DEPRECATED_OBJC_IMPLEMENTATIONS = YES;
				CLANG_WARN_DIRECT_OBJC_ISA_USAGE = YES_ERROR;
				CLANG_WARN_DOCUMENTATION_COMMENTS = YES;
				CLANG_WARN_EMPTY_BODY = YES;
				CLANG_WARN_ENUM_CONVERSION = YES;
				CLANG_WARN_INFINITE_RECURSION = YES;
				CLANG_WARN_INT_CONVERSION = YES;
				CLANG_WARN_NON_LITERAL_NULL_CONVERSION = YES;
				CLANG_WARN_OBJC_IMPLICIT_RETAIN_SELF = YES;
				CLANG_WARN_OBJC_LITERAL_CONVERSION = YES;
				CLANG_WARN_OBJC_ROOT_CLASS = YES_ERROR;
				CLANG_WARN_QUOTED_INCLUDE_IN_FRAMEWORK_HEADER = YES;
				CLANG_WARN_RANGE_LOOP_ANALYSIS = YES;
				CLANG_WARN_STRICT_PROTOTYPES = YES;
				CLANG_WARN_SUSPICIOUS_MOVE = YES;
				CLANG_WARN_UNGUARDED_AVAILABILITY = YES_AGGRESSIVE;
				CLANG_WARN_UNREACHABLE_CODE = YES;
				CLANG_WARN__DUPLICATE_METHOD_MATCH = YES;
				COPY_PHASE_STRIP = NO;
				DEBUG_INFORMATION_FORMAT = dwarf;
				ENABLE_STRICT_OBJC_MSGSEND = YES;
				ENABLE_TESTABILITY = YES;
				GCC_C_LANGUAGE_STANDARD = gnu11;
				GCC_DYNAMIC_NO_PIC = NO;
				GCC_NO_COMMON_BLOCKS = YES;
				GCC_OPTIMIZATION_LEVEL = 0;
				GCC_PREPROCESSOR_DEFINITIONS = (
					"DEBUG=1",
					"$(inherited)",
				);
				GCC_WARN_64_TO_32_BIT_CONVERSION = YES;
				GCC_WARN_ABOUT_RETURN_TYPE = YES_ERROR;
				GCC_WARN_UNDECLARED_SELECTOR = YES;
				GCC_WARN_UNINITIALIZED_AUTOS = YES_AGGRESSIVE;
				GCC_WARN_UNUSED_FUNCTION = YES;
				GCC_WARN_UNUSED_VARIABLE = YES;
				IPHONEOS_DEPLOYMENT_TARGET = 16.0;
				MTL_ENABLE_DEBUG_INFO = INCLUDE_SOURCE;
				MTL_FAST_MATH = YES;
				ONLY_ACTIVE_ARCH = YES;
				SDKROOT = iphoneos;
				SWIFT_ACTIVE_COMPILATION_CONDITIONS = DEBUG;
				SWIFT_OPTIMIZATION_LEVEL = "-Onone";
			};
			name = Debug;
		};
		ECB64DDC291FCD4700EF3E67 /* Release */ = {
			isa = XCBuildConfiguration;
			buildSettings = {
				ALWAYS_SEARCH_USER_PATHS = NO;
				CLANG_ANALYZER_NONNULL = YES;
				CLANG_ANALYZER_NUMBER_OBJECT_CONVERSION = YES_AGGRESSIVE;
				CLANG_CXX_LANGUAGE_STANDARD = "gnu++20";
				CLANG_ENABLE_MODULES = YES;
				CLANG_ENABLE_OBJC_ARC = YES;
				CLANG_ENABLE_OBJC_WEAK = YES;
				CLANG_WARN_BLOCK_CAPTURE_AUTORELEASING = YES;
				CLANG_WARN_BOOL_CONVERSION = YES;
				CLANG_WARN_COMMA = YES;
				CLANG_WARN_CONSTANT_CONVERSION = YES;
				CLANG_WARN_DEPRECATED_OBJC_IMPLEMENTATIONS = YES;
				CLANG_WARN_DIRECT_OBJC_ISA_USAGE = YES_ERROR;
				CLANG_WARN_DOCUMENTATION_COMMENTS = YES;
				CLANG_WARN_EMPTY_BODY = YES;
				CLANG_WARN_ENUM_CONVERSION = YES;
				CLANG_WARN_INFINITE_RECURSION = YES;
				CLANG_WARN_INT_CONVERSION = YES;
				CLANG_WARN_NON_LITERAL_NULL_CONVERSION = YES;
				CLANG_WARN_OBJC_IMPLICIT_RETAIN_SELF = YES;
				CLANG_WARN_OBJC_LITERAL_CONVERSION = YES;
				CLANG_WARN_OBJC_ROOT_CLASS = YES_ERROR;
				CLANG_WARN_QUOTED_INCLUDE_IN_FRAMEWORK_HEADER = YES;
				CLANG_WARN_RANGE_LOOP_ANALYSIS = YES;
				CLANG_WARN_STRICT_PROTOTYPES = YES;
				CLANG_WARN_SUSPICIOUS_MOVE = YES;
				CLANG_WARN_UNGUARDED_AVAILABILITY = YES_AGGRESSIVE;
				CLANG_WARN_UNREACHABLE_CODE = YES;
				CLANG_WARN__DUPLICATE_METHOD_MATCH = YES;
				COPY_PHASE_STRIP = NO;
				DEBUG_INFORMATION_FORMAT = "dwarf-with-dsym";
				ENABLE_NS_ASSERTIONS = NO;
				ENABLE_STRICT_OBJC_MSGSEND = YES;
				GCC_C_LANGUAGE_STANDARD = gnu11;
				GCC_NO_COMMON_BLOCKS = YES;
				GCC_WARN_64_TO_32_BIT_CONVERSION = YES;
				GCC_WARN_ABOUT_RETURN_TYPE = YES_ERROR;
				GCC_WARN_UNDECLARED_SELECTOR = YES;
				GCC_WARN_UNINITIALIZED_AUTOS = YES_AGGRESSIVE;
				GCC_WARN_UNUSED_FUNCTION = YES;
				GCC_WARN_UNUSED_VARIABLE = YES;
				IPHONEOS_DEPLOYMENT_TARGET = 16.0;
				MTL_ENABLE_DEBUG_INFO = NO;
				MTL_FAST_MATH = YES;
				SDKROOT = iphoneos;
				SWIFT_COMPILATION_MODE = wholemodule;
				SWIFT_OPTIMIZATION_LEVEL = "-O";
				VALIDATE_PRODUCT = YES;
			};
			name = Release;
		};
		ECB64DDE291FCD4700EF3E67 /* Debug */ = {
			isa = XCBuildConfiguration;
			buildSettings = {
				ASSETCATALOG_COMPILER_APPICON_NAME = AppIcon;
				ASSETCATALOG_COMPILER_GLOBAL_ACCENT_COLOR_NAME = AccentColor;
				CODE_SIGN_STYLE = Automatic;
				CURRENT_PROJECT_VERSION = 1;
				DEVELOPMENT_TEAM = 2VG4ZY7KN4;
				GENERATE_INFOPLIST_FILE = YES;
				INFOPLIST_FILE = HomeWork_11_navigation/Info.plist;
				INFOPLIST_KEY_UIApplicationSupportsIndirectInputEvents = YES;
				INFOPLIST_KEY_UILaunchStoryboardName = LaunchScreen;
				INFOPLIST_KEY_UIMainStoryboardFile = Main;
				INFOPLIST_KEY_UISupportedInterfaceOrientations_iPad = "UIInterfaceOrientationPortrait UIInterfaceOrientationPortraitUpsideDown UIInterfaceOrientationLandscapeLeft UIInterfaceOrientationLandscapeRight";
				INFOPLIST_KEY_UISupportedInterfaceOrientations_iPhone = "UIInterfaceOrientationPortrait UIInterfaceOrientationLandscapeLeft UIInterfaceOrientationLandscapeRight";
				LD_RUNPATH_SEARCH_PATHS = (
					"$(inherited)",
					"@executable_path/Frameworks",
				);
				MARKETING_VERSION = 1.0;
				PRODUCT_BUNDLE_IDENTIFIER = "vadimS.HomeWork-11-navigation";
				PRODUCT_NAME = "$(TARGET_NAME)";
				SWIFT_EMIT_LOC_STRINGS = YES;
				SWIFT_VERSION = 5.0;
				TARGETED_DEVICE_FAMILY = "1,2";
			};
			name = Debug;
		};
		ECB64DDF291FCD4700EF3E67 /* Release */ = {
			isa = XCBuildConfiguration;
			buildSettings = {
				ASSETCATALOG_COMPILER_APPICON_NAME = AppIcon;
				ASSETCATALOG_COMPILER_GLOBAL_ACCENT_COLOR_NAME = AccentColor;
				CODE_SIGN_STYLE = Automatic;
				CURRENT_PROJECT_VERSION = 1;
				DEVELOPMENT_TEAM = 2VG4ZY7KN4;
				GENERATE_INFOPLIST_FILE = YES;
				INFOPLIST_FILE = HomeWork_11_navigation/Info.plist;
				INFOPLIST_KEY_UIApplicationSupportsIndirectInputEvents = YES;
				INFOPLIST_KEY_UILaunchStoryboardName = LaunchScreen;
				INFOPLIST_KEY_UIMainStoryboardFile = Main;
				INFOPLIST_KEY_UISupportedInterfaceOrientations_iPad = "UIInterfaceOrientationPortrait UIInterfaceOrientationPortraitUpsideDown UIInterfaceOrientationLandscapeLeft UIInterfaceOrientationLandscapeRight";
				INFOPLIST_KEY_UISupportedInterfaceOrientations_iPhone = "UIInterfaceOrientationPortrait UIInterfaceOrientationLandscapeLeft UIInterfaceOrientationLandscapeRight";
				LD_RUNPATH_SEARCH_PATHS = (
					"$(inherited)",
					"@executable_path/Frameworks",
				);
				MARKETING_VERSION = 1.0;
				PRODUCT_BUNDLE_IDENTIFIER = "vadimS.HomeWork-11-navigation";
				PRODUCT_NAME = "$(TARGET_NAME)";
				SWIFT_EMIT_LOC_STRINGS = YES;
				SWIFT_VERSION = 5.0;
				TARGETED_DEVICE_FAMILY = "1,2";
			};
			name = Release;
		};
/* End XCBuildConfiguration section */

/* Begin XCConfigurationList section */
		ECB64DC4291FCD4600EF3E67 /* Build configuration list for PBXProject "HomeWork_11_navigation" */ = {
			isa = XCConfigurationList;
			buildConfigurations = (
				ECB64DDB291FCD4700EF3E67 /* Debug */,
				ECB64DDC291FCD4700EF3E67 /* Release */,
			);
			defaultConfigurationIsVisible = 0;
			defaultConfigurationName = Release;
		};
		ECB64DDD291FCD4700EF3E67 /* Build configuration list for PBXNativeTarget "HomeWork_11_navigation" */ = {
			isa = XCConfigurationList;
			buildConfigurations = (
				ECB64DDE291FCD4700EF3E67 /* Debug */,
				ECB64DDF291FCD4700EF3E67 /* Release */,
			);
			defaultConfigurationIsVisible = 0;
			defaultConfigurationName = Release;
		};
/* End XCConfigurationList section */
	};
	rootObject = ECB64DC1291FCD4600EF3E67 /* Project object */;
}
